{
  "version": 4,
  "terraform_version": "1.1.9",
  "serial": 29,
  "lineage": "440037f4-f177-1a5e-2125-53def97fa541",
  "outputs": {},
  "resources": [
    {
      "mode": "managed",
      "type": "proxmox_vm_qemu",
      "name": "samba_server",
      "provider": "provider[\"registry.terraform.io/telmate/proxmox\"]",
      "instances": [
        {
          "status": "tainted",
          "schema_version": 0,
          "attributes": {
            "additional_wait": 0,
            "agent": 0,
            "args": "",
            "automatic_reboot": true,
            "balloon": 0,
            "bios": "seabios",
            "boot": "c",
            "bootdisk": "scsi0",
            "bridge": "",
            "ci_wait": null,
            "cicustom": "",
            "cipassword": "bStnFFaz%JABTMWv!rjcEiX6z\u0026*#",
            "ciuser": "ubuntu",
            "clone": "ubuntu-20.04-template",
            "clone_wait": 0,
            "cloudinit_cdrom_storage": null,
            "cores": 2,
            "cpu": "host",
            "default_ipv4_address": null,
            "define_connection_info": true,
            "desc": "Packer ephemeral build VM",
            "disk": [
              {
                "aio": "",
                "backup": 0,
                "cache": "writeback",
                "discard": "",
                "file": "vm-101-disk-0",
                "format": "raw",
                "iothread": 0,
                "mbps": 0,
                "mbps_rd": 0,
                "mbps_rd_max": 0,
                "mbps_wr": 0,
                "mbps_wr_max": 0,
                "media": "",
                "replicate": 0,
                "size": "15G",
                "slot": 0,
                "ssd": 0,
                "storage": "local-lvm",
                "storage_type": "lvmthin",
                "type": "scsi",
                "volume": "local-lvm:vm-101-disk-0"
              }
            ],
            "disk_gb": 0,
            "force_create": false,
            "force_recreate_on_change_of": null,
            "full_clone": true,
            "guest_agent_ready_timeout": 100,
            "hagroup": "",
            "hastate": "",
            "hotplug": "network,disk,usb",
            "id": "dc801srv/qemu/101",
            "ipconfig0": "ip=192.168.40.5/24,gw=192.168.40.1",
            "ipconfig1": "",
            "ipconfig2": "",
            "ipconfig3": "",
            "ipconfig4": "",
            "ipconfig5": "",
            "iso": null,
            "kvm": true,
            "mac": "",
            "memory": 4096,
            "name": "samba-server",
            "nameserver": "",
            "network": [
              {
                "bridge": "vmbr0",
                "firewall": false,
                "link_down": false,
                "macaddr": "F2:79:36:33:28:7B",
                "model": "virtio",
                "mtu": 0,
                "queues": 0,
                "rate": 0,
                "tag": 40
              }
            ],
            "nic": "",
            "numa": false,
            "onboot": false,
            "oncreate": true,
            "os_network_config": null,
            "os_type": null,
            "pool": "",
            "preprovision": true,
            "pxe": null,
            "qemu_os": "l26",
            "reboot_required": false,
            "scsihw": "virtio-scsi-pci",
            "searchdomain": "",
            "serial": [],
            "sockets": 1,
            "ssh_forward_ip": null,
            "ssh_host": null,
            "ssh_port": null,
            "ssh_private_key": null,
            "ssh_user": null,
            "sshkeys": "ssh-rsa AAAAB3NzaC1yc2EAAAADAQABAAACAQCyW+c/mSKUdxGGr8kZZXtrt3EUuuDw4Yf//1KcrivK7PkyoNx5dAGdohlMmW/+UgrMjMIvaUbbp/geAnMOgae5mbXQP0DdL0kileIT0M352aW0awNp456+UjdVm6aTX64vf/mw9F99F6GaM6Pnnqe+tZUVGr2JirsUD9AzQLPUpIvSVqzZ5O5caU8rooBiQ0J0xyEpd4LcxesXdOO2lyS3GAkcWCwLfVDbQDuNJC4CBRCf8Z9FfkjblxDyGJrM1F9drTkTUddQe0gXvg7swTtNIbv4t2mI1ZC7VIQyYgkw5EchD3Fk4+HNERRT4Dt9yIL3wdQ6wVtLyL90/XVW4tyTvo4VouvhsVjHjaJUqUR5hf3REsmWEE0LlVSYz5e6W76VNLA3NV0bBKO4EnCp1XduN6p96iVhhBCLXBnAKwWdHkuFJIFzbe+Ej9EsAQ5OiTQRUlaznAZ6ez2VNk5MFLFCTiak1GI481eV1MzJ6Hl/urJtliuqbi3cJxbchX1W0uhsbhO0KAN6XlkM5G6f1osa0VaiJZzqyUZDJxvdN3WkSRTE5CyOX6CHOGF6tbBKkHC/tGxOcCLgF7zkBpsaJ2vyuSlINtpVfpVeTmKJednXISF099KGnWOUAKPYaxDG/DOXbntlItqDoQGOy08xnP8hzS/9Ak8Z04I/qt8hux3LgQ== chad@chadwayment-laptop\n",
            "storage": "",
            "storage_type": "",
            "tablet": true,
            "tags": "",
            "target_node": "dc801srv",
            "timeouts": null,
            "unused_disk": [],
            "usb": [],
            "vcpus": 0,
            "vga": [],
            "vlan": -1,
            "vmid": null
          },
          "sensitive_attributes": [],
          "private": "eyJlMmJmYjczMC1lY2FhLTExZTYtOGY4OC0zNDM2M2JjN2M0YzAiOnsiY3JlYXRlIjozMDAwMDAwMDAwMDAsImRlZmF1bHQiOjMwMDAwMDAwMDAwMCwiZGVsZXRlIjoxODAwMDAwMDAwMDAsInJlYWQiOjE4MDAwMDAwMDAwMCwidXBkYXRlIjoxODAwMDAwMDAwMDB9fQ=="
        }
      ]
    }
  ]
}
