{
  "version": 4,
  "terraform_version": "1.3.6",
  "serial": 136,
  "lineage": "440037f4-f177-1a5e-2125-53def97fa541",
  "outputs": {},
  "resources": [
    {
      "mode": "managed",
      "type": "proxmox_lxc",
      "name": "apt_cache",
      "provider": "provider[\"registry.terraform.io/telmate/proxmox\"]",
      "instances": [
        {
          "schema_version": 0,
          "attributes": {
            "arch": "amd64",
            "bwlimit": 0,
            "clone": null,
            "clone_storage": null,
            "cmode": "tty",
            "console": true,
            "cores": 2,
            "cpulimit": 0,
            "cpuunits": 1024,
            "description": "",
            "features": [
              {
                "fuse": false,
                "keyctl": true,
                "mount": "",
                "nesting": true
              }
            ],
            "force": false,
            "full": null,
            "hagroup": "",
            "hastate": "",
            "hookscript": "",
            "hostname": "apt-cache",
            "id": "dc801srv/lxc/105",
            "ignore_unpack_errors": false,
            "lock": "",
            "memory": 2048,
            "mountpoint": [
              {
                "acl": false,
                "backup": false,
                "file": "vm-105-disk-0",
                "key": "0",
                "mp": "/cache",
                "quota": false,
                "replicate": false,
                "shared": false,
                "size": "100G",
                "slot": 0,
                "storage": "LVM-SLOW",
                "volume": "LVM-SLOW:vm-105-disk-0"
              }
            ],
            "nameserver": "",
            "network": [
              {
                "bridge": "vmbr0",
                "firewall": false,
                "gw": "",
                "gw6": "",
                "hwaddr": "E2:82:B2:4C:DA:D2",
                "ip": "dhcp",
                "ip6": "",
                "mtu": 0,
                "name": "eth0",
                "rate": 0,
                "tag": 0,
                "trunks": "",
                "type": "veth"
              }
            ],
            "onboot": false,
            "ostemplate": "local:vztmpl/ubuntu-22.04-standard_22.04-1_amd64.tar.zst",
            "ostype": "ubuntu",
            "password": "MqussybFuzb3VXdtqhgbpyCLNwUHTU",
            "pool": null,
            "protection": false,
            "restore": false,
            "rootfs": [
              {
                "size": "15G",
                "storage": "local-lvm",
                "volume": "local-lvm:vm-105-disk-0"
              }
            ],
            "searchdomain": "",
            "ssh_public_keys": null,
            "start": true,
            "startup": "",
            "swap": 512,
            "tags": "",
            "target_node": "dc801srv",
            "template": false,
            "timeouts": null,
            "tty": 2,
            "unique": false,
            "unprivileged": false,
            "unused": [],
            "vmid": 0
          },
          "sensitive_attributes": [],
          "private": "eyJlMmJmYjczMC1lY2FhLTExZTYtOGY4OC0zNDM2M2JjN2M0YzAiOnsiY3JlYXRlIjozMDAwMDAwMDAwMDAsImRlZmF1bHQiOjMwMDAwMDAwMDAwMCwiZGVsZXRlIjoxODAwMDAwMDAwMDAsInJlYWQiOjE4MDAwMDAwMDAwMCwidXBkYXRlIjoxODAwMDAwMDAwMDB9fQ=="
        }
      ]
    },
    {
      "mode": "managed",
      "type": "proxmox_lxc",
      "name": "bashs_lxc",
      "provider": "provider[\"registry.terraform.io/telmate/proxmox\"]",
      "instances": [
        {
          "schema_version": 0,
          "attributes": {
            "arch": "amd64",
            "bwlimit": 0,
            "clone": null,
            "clone_storage": null,
            "cmode": "tty",
            "console": true,
            "cores": 4,
            "cpulimit": 0,
            "cpuunits": 1024,
            "description": "",
            "features": [
              {
                "fuse": false,
                "keyctl": false,
                "mount": "nfs",
                "nesting": true
              }
            ],
            "force": false,
            "full": null,
            "hagroup": "",
            "hastate": "",
            "hookscript": "",
            "hostname": "fog",
            "id": "dc801srv/lxc/104",
            "ignore_unpack_errors": false,
            "lock": "",
            "memory": 4096,
            "mountpoint": [
              {
                "acl": false,
                "backup": false,
                "file": "vm-104-disk-1",
                "key": "0",
                "mp": "/appdata",
                "quota": false,
                "replicate": false,
                "shared": false,
                "size": "8G",
                "slot": 0,
                "storage": "local-lvm",
                "volume": "local-lvm:vm-104-disk-1"
              },
              {
                "acl": false,
                "backup": false,
                "file": "vm-104-disk-0",
                "key": "1",
                "mp": "/images",
                "quota": false,
                "replicate": false,
                "shared": false,
                "size": "500G",
                "slot": 1,
                "storage": "LVM-SLOW",
                "volume": "LVM-SLOW:vm-104-disk-0"
              }
            ],
            "nameserver": "",
            "network": [
              {
                "bridge": "vmbr0",
                "firewall": false,
                "gw": "",
                "gw6": "",
                "hwaddr": "EA:BA:DE:AF:83:6B",
                "ip": "dhcp",
                "ip6": "",
                "mtu": 0,
                "name": "eth0",
                "rate": 0,
                "tag": 0,
                "trunks": "",
                "type": "veth"
              }
            ],
            "onboot": false,
            "ostemplate": "local:vztmpl/ubuntu-22.04-standard_22.04-1_amd64.tar.zst",
            "ostype": "ubuntu",
            "password": "MqussybFuzb3VXdtqhgbpyCLNwUHTU",
            "pool": null,
            "protection": false,
            "restore": false,
            "rootfs": [
              {
                "size": "15G",
                "storage": "local-lvm",
                "volume": "local-lvm:vm-104-disk-0"
              }
            ],
            "searchdomain": "",
            "ssh_public_keys": null,
            "start": true,
            "startup": "",
            "swap": 512,
            "tags": "",
            "target_node": "dc801srv",
            "template": false,
            "timeouts": null,
            "tty": 2,
            "unique": false,
            "unprivileged": false,
            "unused": [],
            "vmid": 0
          },
          "sensitive_attributes": [],
          "private": "eyJlMmJmYjczMC1lY2FhLTExZTYtOGY4OC0zNDM2M2JjN2M0YzAiOnsiY3JlYXRlIjozMDAwMDAwMDAwMDAsImRlZmF1bHQiOjMwMDAwMDAwMDAwMCwiZGVsZXRlIjoxODAwMDAwMDAwMDAsInJlYWQiOjE4MDAwMDAwMDAwMCwidXBkYXRlIjoxODAwMDAwMDAwMDB9fQ=="
        }
      ]
    },
    {
      "mode": "managed",
      "type": "proxmox_vm_qemu",
      "name": "dns1",
      "provider": "provider[\"registry.terraform.io/telmate/proxmox\"]",
      "instances": [
        {
          "schema_version": 0,
          "attributes": {
            "additional_wait": 0,
            "agent": 0,
            "args": "",
            "automatic_reboot": true,
            "balloon": 0,
            "bios": "seabios",
            "boot": "c",
            "bootdisk": "scsi0",
            "bridge": "",
            "ci_wait": null,
            "cicustom": "",
            "cipassword": "bStnFFaz%JABTMWv!rjcEiX6z\u0026*#",
            "ciuser": "ubuntu",
            "clone": "ubuntu-20.04-template",
            "clone_wait": 0,
            "cloudinit_cdrom_storage": null,
            "cores": 2,
            "cpu": "host",
            "default_ipv4_address": null,
            "define_connection_info": true,
            "desc": "Packer ephemeral build VM",
            "disk": [
              {
                "aio": "",
                "backup": 0,
                "cache": "writeback",
                "discard": "",
                "file": "vm-102-disk-0",
                "format": "raw",
                "iothread": 0,
                "mbps": 0,
                "mbps_rd": 0,
                "mbps_rd_max": 0,
                "mbps_wr": 0,
                "mbps_wr_max": 0,
                "media": "",
                "replicate": 0,
                "size": "15G",
                "slot": 0,
                "ssd": 0,
                "storage": "local-lvm",
                "storage_type": "lvmthin",
                "type": "scsi",
                "volume": "local-lvm:vm-102-disk-0"
              }
            ],
            "disk_gb": 0,
            "force_create": false,
            "force_recreate_on_change_of": null,
            "full_clone": true,
            "guest_agent_ready_timeout": 100,
            "hagroup": "",
            "hastate": "",
            "hotplug": "network,disk,usb",
            "id": "dc801srv/qemu/102",
            "ipconfig0": "ip=192.168.40.2/24,gw=192.168.40.1",
            "ipconfig1": "",
            "ipconfig2": "",
            "ipconfig3": "",
            "ipconfig4": "",
            "ipconfig5": "",
            "iso": null,
            "kvm": true,
            "mac": "",
            "memory": 2048,
            "name": "ns1",
            "nameserver": "",
            "network": [
              {
                "bridge": "vmbr0",
                "firewall": false,
                "link_down": false,
                "macaddr": "2E:A6:3F:F6:8F:26",
                "model": "virtio",
                "mtu": 0,
                "queues": 0,
                "rate": 0,
                "tag": -1
              }
            ],
            "nic": "",
            "numa": false,
            "onboot": true,
            "oncreate": true,
            "os_network_config": null,
            "os_type": null,
            "pool": "",
            "preprovision": true,
            "pxe": null,
            "qemu_os": "l26",
            "reboot_required": false,
            "scsihw": "virtio-scsi-pci",
            "searchdomain": "",
            "serial": [],
            "sockets": 1,
            "ssh_forward_ip": null,
            "ssh_host": null,
            "ssh_port": null,
            "ssh_private_key": null,
            "ssh_user": null,
            "sshkeys": "ssh-rsa AAAAB3NzaC1yc2EAAAADAQABAAACAQCyW+c/mSKUdxGGr8kZZXtrt3EUuuDw4Yf//1KcrivK7PkyoNx5dAGdohlMmW/+UgrMjMIvaUbbp/geAnMOgae5mbXQP0DdL0kileIT0M352aW0awNp456+UjdVm6aTX64vf/mw9F99F6GaM6Pnnqe+tZUVGr2JirsUD9AzQLPUpIvSVqzZ5O5caU8rooBiQ0J0xyEpd4LcxesXdOO2lyS3GAkcWCwLfVDbQDuNJC4CBRCf8Z9FfkjblxDyGJrM1F9drTkTUddQe0gXvg7swTtNIbv4t2mI1ZC7VIQyYgkw5EchD3Fk4+HNERRT4Dt9yIL3wdQ6wVtLyL90/XVW4tyTvo4VouvhsVjHjaJUqUR5hf3REsmWEE0LlVSYz5e6W76VNLA3NV0bBKO4EnCp1XduN6p96iVhhBCLXBnAKwWdHkuFJIFzbe+Ej9EsAQ5OiTQRUlaznAZ6ez2VNk5MFLFCTiak1GI481eV1MzJ6Hl/urJtliuqbi3cJxbchX1W0uhsbhO0KAN6XlkM5G6f1osa0VaiJZzqyUZDJxvdN3WkSRTE5CyOX6CHOGF6tbBKkHC/tGxOcCLgF7zkBpsaJ2vyuSlINtpVfpVeTmKJednXISF099KGnWOUAKPYaxDG/DOXbntlItqDoQGOy08xnP8hzS/9Ak8Z04I/qt8hux3LgQ== chad@chadwayment-laptop\n\n\n\n\n\n\n\n\n\n\n\n\n\n\n\n\n\n\n\n\n",
            "storage": "",
            "storage_type": "",
            "tablet": true,
            "tags": "",
            "target_node": "dc801srv",
            "timeouts": null,
            "unused_disk": [],
            "usb": [],
            "vcpus": 0,
            "vga": [],
            "vlan": -1,
            "vmid": null
          },
          "sensitive_attributes": [],
          "private": "eyJlMmJmYjczMC1lY2FhLTExZTYtOGY4OC0zNDM2M2JjN2M0YzAiOnsiY3JlYXRlIjozMDAwMDAwMDAwMDAsImRlZmF1bHQiOjMwMDAwMDAwMDAwMCwiZGVsZXRlIjoxODAwMDAwMDAwMDAsInJlYWQiOjE4MDAwMDAwMDAwMCwidXBkYXRlIjoxODAwMDAwMDAwMDB9fQ=="
        }
      ]
    },
    {
      "mode": "managed",
      "type": "proxmox_vm_qemu",
      "name": "nginx_cache",
      "provider": "provider[\"registry.terraform.io/telmate/proxmox\"]",
      "instances": [
        {
          "schema_version": 0,
          "attributes": {
            "additional_wait": 0,
            "agent": 0,
            "args": "",
            "automatic_reboot": true,
            "balloon": 0,
            "bios": "seabios",
            "boot": "c",
            "bootdisk": "scsi0",
            "bridge": "",
            "ci_wait": null,
            "cicustom": "",
            "cipassword": "bStnFFaz%JABTMWv!rjcEiX6z\u0026*#",
            "ciuser": "ubuntu",
            "clone": "ubuntu-20.04-template",
            "clone_wait": 0,
            "cloudinit_cdrom_storage": null,
            "cores": 2,
            "cpu": "host",
            "default_ipv4_address": null,
            "define_connection_info": true,
            "desc": "Packer ephemeral build VM",
            "disk": [
              {
                "aio": "",
                "backup": 0,
                "cache": "writeback",
                "discard": "",
                "file": "vm-103-disk-0",
                "format": "raw",
                "iothread": 0,
                "mbps": 0,
                "mbps_rd": 0,
                "mbps_rd_max": 0,
                "mbps_wr": 0,
                "mbps_wr_max": 0,
                "media": "",
                "replicate": 0,
                "size": "55G",
                "slot": 0,
                "ssd": 0,
                "storage": "local-lvm",
                "storage_type": "lvmthin",
                "type": "scsi",
                "volume": "local-lvm:vm-103-disk-0"
              }
            ],
            "disk_gb": 0,
            "force_create": false,
            "force_recreate_on_change_of": null,
            "full_clone": true,
            "guest_agent_ready_timeout": 100,
            "hagroup": "",
            "hastate": "",
            "hotplug": "network,disk,usb",
            "id": "dc801srv/qemu/103",
            "ipconfig0": "ip=192.168.40.10/24,gw=192.168.40.1",
            "ipconfig1": "",
            "ipconfig2": "",
            "ipconfig3": "",
            "ipconfig4": "",
            "ipconfig5": "",
            "iso": null,
            "kvm": true,
            "mac": "",
            "memory": 2048,
            "name": "nginx-cache",
            "nameserver": "",
            "network": [
              {
                "bridge": "vmbr0",
                "firewall": false,
                "link_down": false,
                "macaddr": "F2:6F:0A:C1:0D:F8",
                "model": "virtio",
                "mtu": 0,
                "queues": 0,
                "rate": 0,
                "tag": -1
              }
            ],
            "nic": "",
            "numa": false,
            "onboot": true,
            "oncreate": true,
            "os_network_config": null,
            "os_type": null,
            "pool": "",
            "preprovision": true,
            "pxe": null,
            "qemu_os": "l26",
            "reboot_required": false,
            "scsihw": "virtio-scsi-pci",
            "searchdomain": "",
            "serial": [],
            "sockets": 1,
            "ssh_forward_ip": null,
            "ssh_host": null,
            "ssh_port": null,
            "ssh_private_key": null,
            "ssh_user": null,
            "sshkeys": "ssh-rsa AAAAB3NzaC1yc2EAAAADAQABAAACAQCyW+c/mSKUdxGGr8kZZXtrt3EUuuDw4Yf//1KcrivK7PkyoNx5dAGdohlMmW/+UgrMjMIvaUbbp/geAnMOgae5mbXQP0DdL0kileIT0M352aW0awNp456+UjdVm6aTX64vf/mw9F99F6GaM6Pnnqe+tZUVGr2JirsUD9AzQLPUpIvSVqzZ5O5caU8rooBiQ0J0xyEpd4LcxesXdOO2lyS3GAkcWCwLfVDbQDuNJC4CBRCf8Z9FfkjblxDyGJrM1F9drTkTUddQe0gXvg7swTtNIbv4t2mI1ZC7VIQyYgkw5EchD3Fk4+HNERRT4Dt9yIL3wdQ6wVtLyL90/XVW4tyTvo4VouvhsVjHjaJUqUR5hf3REsmWEE0LlVSYz5e6W76VNLA3NV0bBKO4EnCp1XduN6p96iVhhBCLXBnAKwWdHkuFJIFzbe+Ej9EsAQ5OiTQRUlaznAZ6ez2VNk5MFLFCTiak1GI481eV1MzJ6Hl/urJtliuqbi3cJxbchX1W0uhsbhO0KAN6XlkM5G6f1osa0VaiJZzqyUZDJxvdN3WkSRTE5CyOX6CHOGF6tbBKkHC/tGxOcCLgF7zkBpsaJ2vyuSlINtpVfpVeTmKJednXISF099KGnWOUAKPYaxDG/DOXbntlItqDoQGOy08xnP8hzS/9Ak8Z04I/qt8hux3LgQ== chad@chadwayment-laptop\n\n\n\n\n\n\n\n\n\n",
            "storage": "",
            "storage_type": "",
            "tablet": true,
            "tags": "",
            "target_node": "dc801srv",
            "timeouts": null,
            "unused_disk": [],
            "usb": [],
            "vcpus": 0,
            "vga": [],
            "vlan": -1,
            "vmid": null
          },
          "sensitive_attributes": [],
          "private": "eyJlMmJmYjczMC1lY2FhLTExZTYtOGY4OC0zNDM2M2JjN2M0YzAiOnsiY3JlYXRlIjozMDAwMDAwMDAwMDAsImRlZmF1bHQiOjMwMDAwMDAwMDAwMCwiZGVsZXRlIjoxODAwMDAwMDAwMDAsInJlYWQiOjE4MDAwMDAwMDAwMCwidXBkYXRlIjoxODAwMDAwMDAwMDB9fQ=="
        }
      ]
    },
    {
      "mode": "managed",
      "type": "proxmox_vm_qemu",
      "name": "samba_server",
      "provider": "provider[\"registry.terraform.io/telmate/proxmox\"]",
      "instances": [
        {
          "schema_version": 0,
          "attributes": {
            "additional_wait": 0,
            "agent": 0,
            "args": "",
            "automatic_reboot": true,
            "balloon": 0,
            "bios": "seabios",
            "boot": "c",
            "bootdisk": "scsi0",
            "bridge": "",
            "ci_wait": null,
            "cicustom": "",
            "cipassword": "bStnFFaz%JABTMWv!rjcEiX6z\u0026*#",
            "ciuser": "ubuntu",
            "clone": null,
            "clone_wait": 0,
            "cloudinit_cdrom_storage": null,
            "cores": 2,
            "cpu": "host",
            "default_ipv4_address": null,
            "define_connection_info": true,
            "desc": "Packer ephemeral build VM",
            "disk": [
              {
                "aio": "",
                "backup": 0,
                "cache": "writeback",
                "discard": "",
                "file": "vm-101-disk-0",
                "format": "raw",
                "iothread": 0,
                "mbps": 0,
                "mbps_rd": 0,
                "mbps_rd_max": 0,
                "mbps_wr": 0,
                "mbps_wr_max": 0,
                "media": "",
                "replicate": 0,
                "size": "115G",
                "slot": 0,
                "ssd": 0,
                "storage": "local-lvm",
                "storage_type": "lvmthin",
                "type": "scsi",
                "volume": "local-lvm:vm-101-disk-0"
              }
            ],
            "disk_gb": 0,
            "force_create": false,
            "force_recreate_on_change_of": null,
            "full_clone": false,
            "guest_agent_ready_timeout": 100,
            "hagroup": "",
            "hastate": "",
            "hotplug": "network,disk,usb",
            "id": "dc801srv/qemu/101",
            "ipconfig0": "ip=192.168.40.5/24,gw=192.168.40.1",
            "ipconfig1": "",
            "ipconfig2": "",
            "ipconfig3": "",
            "ipconfig4": "",
            "ipconfig5": "",
            "iso": null,
            "kvm": true,
            "mac": "",
            "memory": 4096,
            "name": "samba-server",
            "nameserver": "",
            "network": [
              {
                "bridge": "vmbr0",
                "firewall": false,
                "link_down": false,
                "macaddr": "F2:79:36:33:28:7B",
                "model": "virtio",
                "mtu": 0,
                "queues": 0,
                "rate": 0,
                "tag": -1
              }
            ],
            "nic": "",
            "numa": false,
            "onboot": true,
            "oncreate": true,
            "os_network_config": null,
            "os_type": null,
            "pool": "",
            "preprovision": true,
            "pxe": null,
            "qemu_os": "l26",
            "reboot_required": false,
            "scsihw": "virtio-scsi-pci",
            "searchdomain": "",
            "serial": [],
            "sockets": 1,
            "ssh_forward_ip": null,
            "ssh_host": null,
            "ssh_port": null,
            "ssh_private_key": null,
            "ssh_user": null,
            "sshkeys": "ssh-rsa AAAAB3NzaC1yc2EAAAADAQABAAACAQCyW+c/mSKUdxGGr8kZZXtrt3EUuuDw4Yf//1KcrivK7PkyoNx5dAGdohlMmW/+UgrMjMIvaUbbp/geAnMOgae5mbXQP0DdL0kileIT0M352aW0awNp456+UjdVm6aTX64vf/mw9F99F6GaM6Pnnqe+tZUVGr2JirsUD9AzQLPUpIvSVqzZ5O5caU8rooBiQ0J0xyEpd4LcxesXdOO2lyS3GAkcWCwLfVDbQDuNJC4CBRCf8Z9FfkjblxDyGJrM1F9drTkTUddQe0gXvg7swTtNIbv4t2mI1ZC7VIQyYgkw5EchD3Fk4+HNERRT4Dt9yIL3wdQ6wVtLyL90/XVW4tyTvo4VouvhsVjHjaJUqUR5hf3REsmWEE0LlVSYz5e6W76VNLA3NV0bBKO4EnCp1XduN6p96iVhhBCLXBnAKwWdHkuFJIFzbe+Ej9EsAQ5OiTQRUlaznAZ6ez2VNk5MFLFCTiak1GI481eV1MzJ6Hl/urJtliuqbi3cJxbchX1W0uhsbhO0KAN6XlkM5G6f1osa0VaiJZzqyUZDJxvdN3WkSRTE5CyOX6CHOGF6tbBKkHC/tGxOcCLgF7zkBpsaJ2vyuSlINtpVfpVeTmKJednXISF099KGnWOUAKPYaxDG/DOXbntlItqDoQGOy08xnP8hzS/9Ak8Z04I/qt8hux3LgQ== chad@chadwayment-laptop\n\n\n\n\n\n\n\n\n\n\n\n\n\n\n\n\n\n\n\n\n\n\n\n\n",
            "storage": "",
            "storage_type": "",
            "tablet": true,
            "tags": "",
            "target_node": "dc801srv",
            "timeouts": {
              "create": null,
              "default": null,
              "delete": null,
              "read": null,
              "update": null
            },
            "unused_disk": [],
            "usb": [],
            "vcpus": 0,
            "vga": [],
            "vlan": -1,
            "vmid": null
          },
          "sensitive_attributes": [],
          "private": "eyJlMmJmYjczMC1lY2FhLTExZTYtOGY4OC0zNDM2M2JjN2M0YzAiOnsiY3JlYXRlIjozMDAwMDAwMDAwMDAsImRlZmF1bHQiOjMwMDAwMDAwMDAwMCwiZGVsZXRlIjoxODAwMDAwMDAwMDAsInJlYWQiOjE4MDAwMDAwMDAwMCwidXBkYXRlIjoxODAwMDAwMDAwMDB9fQ=="
        }
      ]
    }
  ],
  "check_results": null
}
